
Microsoft Visual Studio Solution File, Format Version 12.00
# Visual Studio Version 16
VisualStudioVersion = 16.0.809.0
MinimumVisualStudioVersion = 10.0.40219.1
Project("{FAE04EC0-301F-11D3-BF4B-00C04F79EFBC}") = "AngularBlazor", "AngularBlazor/AngularBlazor.csproj", "{2CA38B7B-590D-462D-AB52-C96CB9FE7636}"
EndProject
Global
	GlobalSection(SolutionConfigurationPlatforms) = preSolution
		Debug|Any CPU = Debug|Any CPU
		Release|Any CPU = Release|Any CPU
	EndGlobalSection
	GlobalSection(ProjectConfigurationPlatforms) = postSolution
		{2CA38B7B-590D-462D-AB52-C96CB9FE7636}.Debug|Any CPU.ActiveCfg = Debug|Any CPU
		{2CA38B7B-590D-462D-AB52-C96CB9FE7636}.Debug|Any CPU.Build.0 = Debug|Any CPU
		{2CA38B7B-590D-462D-AB52-C96CB9FE7636}.Release|Any CPU.ActiveCfg = Release|Any CPU
		{2CA38B7B-590D-462D-AB52-C96CB9FE7636}.Release|Any CPU.Build.0 = Release|Any CPU
	EndGlobalSection
	GlobalSection(SolutionProperties) = preSolution
		HideSolutionNode = FALSE
	EndGlobalSection
	GlobalSection(ExtensibilityGlobals) = postSolution
		SolutionGuid = {46A4AFC7-DB92-4120-944E-DB42F9591EA4}
	EndGlobalSection
EndGlobal
